
Microsoft Visual Studio Solution File, Format Version 12.00
# Visual Studio Version 17
VisualStudioVersion = 17.5.002.0
MinimumVisualStudioVersion = 10.0.40219.1
Project("{2150E333-8FDC-42A3-9474-1A3956D46DE8}") = "Exercise Files", "Exercise Files", "{FA50DABA-B588-4056-A9F2-C2E3FF76DEC5}"
EndProject
Project("{2150E333-8FDC-42A3-9474-1A3956D46DE8}") = "01", "01", "{D28C8CC7-E073-4411-B878-59FC6424D9CC}"
EndProject
Project("{2150E333-8FDC-42A3-9474-1A3956D46DE8}") = "01_05_Challenge", "01_05_Challenge", "{FDE58B3B-14B5-4591-9E72-320C5DF6BC02}"
EndProject
Project("{9A19103F-16F7-4668-BE54-9A1E7A4F7556}") = "Algorithms", "Exercise Files\01\01_05_Challenge\Algorithms\Algorithms.csproj", "{6F117491-3A83-46BD-8DFD-8DDDE89A6293}"
EndProject
Project("{2150E333-8FDC-42A3-9474-1A3956D46DE8}") = "06", "06", "{DE5958D5-FB48-4E8B-BF0B-59BEBB0F8BF1}"
EndProject
Project("{2150E333-8FDC-42A3-9474-1A3956D46DE8}") = "06_05_Challenge", "06_05_Challenge", "{8B727943-2E3F-4D78-BE20-63E8749AB868}"
EndProject
Project("{9A19103F-16F7-4668-BE54-9A1E7A4F7556}") = "Algorithms", "Exercise Files\06\06_05_Challenge\Algorithms\Algorithms.csproj", "{EFAC6305-1010-4769-B667-DBE82DD18906}"
EndProject
Project("{2150E333-8FDC-42A3-9474-1A3956D46DE8}") = "03", "03", "{75D47D9B-C19E-485B-A054-58818867957D}"
EndProject
Project("{2150E333-8FDC-42A3-9474-1A3956D46DE8}") = "03_03", "03_03", "{1ADEDFBA-4D09-4207-87FB-D41E8B260C42}"
EndProject
Project("{2150E333-8FDC-42A3-9474-1A3956D46DE8}") = "start", "start", "{A3EC6D98-6AB4-4FA0-93FA-6741E05A9128}"
EndProject
Project("{9A19103F-16F7-4668-BE54-9A1E7A4F7556}") = "Algorithms", "Exercise Files\03\03_03\start\Algorithms\Algorithms.csproj", "{58D9D09E-514A-426D-AFFD-70CFAF4437BB}"
EndProject
Project("{2150E333-8FDC-42A3-9474-1A3956D46DE8}") = "end", "end", "{C3E921F5-3CBE-4A97-ADD0-02B2A3A16FF9}"
EndProject
Project("{9A19103F-16F7-4668-BE54-9A1E7A4F7556}") = "Algorithms", "Exercise Files\03\03_03\end\Algorithms\Algorithms.csproj", "{63272737-F3AF-4663-8CC1-8B45417AC9D7}"
EndProject
Project("{2150E333-8FDC-42A3-9474-1A3956D46DE8}") = "03_02", "03_02", "{9DC75B8E-F0E4-4C32-8C1D-6279409C5FC2}"
EndProject
Project("{2150E333-8FDC-42A3-9474-1A3956D46DE8}") = "start", "start", "{8EB1E24A-7BC4-487F-B41A-E315078EFCD5}"
EndProject
Project("{9A19103F-16F7-4668-BE54-9A1E7A4F7556}") = "Algorithms", "Exercise Files\03\03_02\start\Algorithms\Algorithms.csproj", "{033482B2-5843-4E98-A0F6-A20167832050}"
EndProject
Project("{2150E333-8FDC-42A3-9474-1A3956D46DE8}") = "end", "end", "{0B1F9A1D-3CFF-4BBA-9DE4-2345FBE710C8}"
EndProject
Project("{9A19103F-16F7-4668-BE54-9A1E7A4F7556}") = "Algorithms", "Exercise Files\03\03_02\end\Algorithms\Algorithms.csproj", "{895DC54D-3389-4C99-A3CF-59B80CCC54A4}"
EndProject
Project("{2150E333-8FDC-42A3-9474-1A3956D46DE8}") = "03_05_Solution", "03_05_Solution", "{253F6FB7-FEE8-4A75-85B6-374EE70F3D32}"
EndProject
Project("{2150E333-8FDC-42A3-9474-1A3956D46DE8}") = "start", "start", "{4B4EE4D1-4729-4F1B-A70F-419A988070C7}"
EndProject
Project("{9A19103F-16F7-4668-BE54-9A1E7A4F7556}") = "Algorithms", "Exercise Files\03\03_05_Solution\start\Algorithms\Algorithms.csproj", "{F8DBB7DF-F6D8-47F5-90F0-16921F50EC49}"
EndProject
Project("{2150E333-8FDC-42A3-9474-1A3956D46DE8}") = "end", "end", "{A5440ECF-E605-4021-9009-7CF08BE52BF3}"
EndProject
Project("{9A19103F-16F7-4668-BE54-9A1E7A4F7556}") = "Algorithms", "Exercise Files\03\03_05_Solution\end\Algorithms\Algorithms.csproj", "{FCFA0075-39DE-498C-99C3-D7FDB791B922}"
EndProject
Project("{2150E333-8FDC-42A3-9474-1A3956D46DE8}") = "04", "04", "{370D77FF-83F9-4E2D-8FF4-321B910852A3}"
EndProject
Project("{2150E333-8FDC-42A3-9474-1A3956D46DE8}") = "04_08", "04_08", "{280A7308-A215-4E00-8B44-2EF961C5A53C}"
EndProject
Project("{2150E333-8FDC-42A3-9474-1A3956D46DE8}") = "start", "start", "{B3B9E634-8956-4E2E-A236-921561F84AA8}"
EndProject
Project("{9A19103F-16F7-4668-BE54-9A1E7A4F7556}") = "Algorithms", "Exercise Files\04\04_08\start\Algorithms\Algorithms.csproj", "{ABCF6C38-1C17-4F51-9E35-FAC17FC7D110}"
EndProject
Project("{2150E333-8FDC-42A3-9474-1A3956D46DE8}") = "end", "end", "{D1696736-B5BD-4896-9BEA-04CDDA8D3724}"
EndProject
Project("{9A19103F-16F7-4668-BE54-9A1E7A4F7556}") = "Algorithms", "Exercise Files\04\04_08\end\Algorithms\Algorithms.csproj", "{314FB74B-EF5C-412A-BED7-F63F71BDAAD5}"
EndProject
Project("{2150E333-8FDC-42A3-9474-1A3956D46DE8}") = "04_07", "04_07", "{63737C63-7C4C-4F23-93FE-C13D2580CD5A}"
EndProject
Project("{2150E333-8FDC-42A3-9474-1A3956D46DE8}") = "start", "start", "{A805D14B-7A60-468A-9AF9-68AA22FC64AB}"
EndProject
Project("{9A19103F-16F7-4668-BE54-9A1E7A4F7556}") = "Algorithms", "Exercise Files\04\04_07\start\Algorithms\Algorithms.csproj", "{285F7DE4-7100-4DBA-AAFD-0AA8899A645A}"
EndProject
Project("{2150E333-8FDC-42A3-9474-1A3956D46DE8}") = "end", "end", "{896B1607-122D-4AAA-8BCF-F768472EE8B0}"
EndProject
Project("{9A19103F-16F7-4668-BE54-9A1E7A4F7556}") = "Algorithms", "Exercise Files\04\04_07\end\Algorithms\Algorithms.csproj", "{CBB4517D-D868-4DB4-9521-DB3C1A74D522}"
EndProject
Project("{2150E333-8FDC-42A3-9474-1A3956D46DE8}") = "04_05", "04_05", "{0C1C7D38-26F8-4AA4-A72A-32D85CF3E55C}"
EndProject
Project("{2150E333-8FDC-42A3-9474-1A3956D46DE8}") = "start", "start", "{4E9105C2-1170-418B-9F45-003AD23B7D4B}"
EndProject
Project("{9A19103F-16F7-4668-BE54-9A1E7A4F7556}") = "Algorithms", "Exercise Files\04\04_05\start\Algorithms\Algorithms.csproj", "{CDAF483E-A0C2-4B65-951D-61D36EB1554B}"
EndProject
Project("{2150E333-8FDC-42A3-9474-1A3956D46DE8}") = "end", "end", "{CDEE37F3-E5A3-4BF6-8A6D-5D2BF6C94B3C}"
EndProject
Project("{9A19103F-16F7-4668-BE54-9A1E7A4F7556}") = "Algorithms", "Exercise Files\04\04_05\end\Algorithms\Algorithms.csproj", "{C3F2B26D-5EEC-4751-BE1C-AB719623281B}"
EndProject
Project("{2150E333-8FDC-42A3-9474-1A3956D46DE8}") = "04_02", "04_02", "{92733616-6DA1-4E9D-9C24-C313818595B7}"
EndProject
Project("{2150E333-8FDC-42A3-9474-1A3956D46DE8}") = "start", "start", "{D229F08B-69FA-440A-B8CB-41C7DCA14A4A}"
EndProject
Project("{9A19103F-16F7-4668-BE54-9A1E7A4F7556}") = "Algorithms", "Exercise Files\04\04_02\start\Algorithms\Algorithms.csproj", "{A4D3C4B1-38DE-4C0C-81BB-F752E4C5FACF}"
EndProject
Project("{2150E333-8FDC-42A3-9474-1A3956D46DE8}") = "end", "end", "{3490968F-370E-4A6D-B046-A7C6B60E0EDF}"
EndProject
Project("{9A19103F-16F7-4668-BE54-9A1E7A4F7556}") = "Algorithms", "Exercise Files\04\04_02\end\Algorithms\Algorithms.csproj", "{7BF259E1-A90B-41C4-9D48-7A12AA3E5C58}"
EndProject
Project("{2150E333-8FDC-42A3-9474-1A3956D46DE8}") = "04_03", "04_03", "{ABEA5392-78EC-41CF-868D-D76E932D10D3}"
EndProject
Project("{2150E333-8FDC-42A3-9474-1A3956D46DE8}") = "start", "start", "{E83BEC92-138E-4B39-B2BC-7BA690336DCD}"
EndProject
Project("{9A19103F-16F7-4668-BE54-9A1E7A4F7556}") = "Algorithms", "Exercise Files\04\04_03\start\Algorithms\Algorithms.csproj", "{2ECFBE38-4DB4-4800-B8BD-C91CF6AFE7B7}"
EndProject
Project("{2150E333-8FDC-42A3-9474-1A3956D46DE8}") = "end", "end", "{AEFFC71A-E151-405E-AF60-D742C7F0C897}"
EndProject
Project("{9A19103F-16F7-4668-BE54-9A1E7A4F7556}") = "Algorithms", "Exercise Files\04\04_03\end\Algorithms\Algorithms.csproj", "{9CB4B442-0EE7-4211-AB20-FECB18C95ACC}"
EndProject
Project("{2150E333-8FDC-42A3-9474-1A3956D46DE8}") = "05", "05", "{9932DF50-0D93-4121-B3AA-CBCB10D54CC6}"
EndProject
Project("{2150E333-8FDC-42A3-9474-1A3956D46DE8}") = "05_06_Solution", "05_06_Solution", "{56F97447-1F23-4E37-A915-3039A4D6D563}"
EndProject
Project("{2150E333-8FDC-42A3-9474-1A3956D46DE8}") = "start", "start", "{5814023A-FE68-45C4-9FF5-18DC33888EE6}"
EndProject
Project("{9A19103F-16F7-4668-BE54-9A1E7A4F7556}") = "Algorithms", "Exercise Files\05\05_06_Solution\start\Algorithms\Algorithms.csproj", "{AC071F6F-424D-4F8C-B8AF-D73B911CCAD9}"
EndProject
Project("{2150E333-8FDC-42A3-9474-1A3956D46DE8}") = "end", "end", "{69930C2B-C879-4FE7-A1CA-175CF84726D3}"
EndProject
Project("{9A19103F-16F7-4668-BE54-9A1E7A4F7556}") = "Algorithms", "Exercise Files\05\05_06_Solution\end\Algorithms\Algorithms.csproj", "{C5415B94-7020-442E-A1F8-970F8ACEA4A7}"
EndProject
Project("{2150E333-8FDC-42A3-9474-1A3956D46DE8}") = "05_05_Challenge", "05_05_Challenge", "{6CD23DF4-0D37-4A8D-9B47-9F54A1C70BD4}"
EndProject
Project("{2150E333-8FDC-42A3-9474-1A3956D46DE8}") = "start", "start", "{C52C3022-7535-4615-B85A-F6F8ABDB8FAF}"
EndProject
Project("{9A19103F-16F7-4668-BE54-9A1E7A4F7556}") = "Algorithms", "Exercise Files\05\05_05_Challenge\start\Algorithms\Algorithms.csproj", "{3871CBAC-D2B5-4976-B9FF-E8B3C251F046}"
EndProject
Project("{2150E333-8FDC-42A3-9474-1A3956D46DE8}") = "05_03", "05_03", "{4B53CE76-384C-4A7E-9451-DD71AE8F8755}"
EndProject
Project("{2150E333-8FDC-42A3-9474-1A3956D46DE8}") = "start", "start", "{1B919E0E-6822-473C-A67F-6DF37705DC99}"
EndProject
Project("{9A19103F-16F7-4668-BE54-9A1E7A4F7556}") = "Algorithms", "Exercise Files\05\05_03\start\Algorithms\Algorithms.csproj", "{D1445F91-60E4-4602-A4B8-9EE86FCD881D}"
EndProject
Project("{2150E333-8FDC-42A3-9474-1A3956D46DE8}") = "end", "end", "{7ACA89BD-6431-4207-836A-7D8A495CBA71}"
EndProject
Project("{9A19103F-16F7-4668-BE54-9A1E7A4F7556}") = "Algorithms", "Exercise Files\05\05_03\end\Algorithms\Algorithms.csproj", "{AD22642B-0FB4-4F03-AE0B-5B175C6C333A}"
EndProject
Project("{2150E333-8FDC-42A3-9474-1A3956D46DE8}") = "05_04", "05_04", "{FFB08C1A-35A1-4333-807F-0ABA486B7B4C}"
EndProject
Project("{2150E333-8FDC-42A3-9474-1A3956D46DE8}") = "start", "start", "{661B4F44-9A02-46C0-A96D-3F2EF26E8856}"
EndProject
Project("{9A19103F-16F7-4668-BE54-9A1E7A4F7556}") = "Algorithms", "Exercise Files\05\05_04\start\Algorithms\Algorithms.csproj", "{486E14C3-8207-464C-B73A-158BCC25AEE6}"
EndProject
Project("{2150E333-8FDC-42A3-9474-1A3956D46DE8}") = "end", "end", "{652756EC-83D2-4F54-9619-5957F618DAB1}"
EndProject
Project("{9A19103F-16F7-4668-BE54-9A1E7A4F7556}") = "Algorithms", "Exercise Files\05\05_04\end\Algorithms\Algorithms.csproj", "{FB6EBD56-D323-49C5-AFCB-553B126C10A9}"
EndProject
Project("{2150E333-8FDC-42A3-9474-1A3956D46DE8}") = "05_02", "05_02", "{D0388B00-F48A-4685-A439-D9C97D6AFBB5}"
EndProject
Project("{2150E333-8FDC-42A3-9474-1A3956D46DE8}") = "start", "start", "{4F5604D6-6844-4336-8131-F467F5F7D2B2}"
EndProject
Project("{9A19103F-16F7-4668-BE54-9A1E7A4F7556}") = "Algorithms", "Exercise Files\05\05_02\start\Algorithms\Algorithms.csproj", "{9FE3DEAD-433E-4364-9592-62821E23078A}"
EndProject
Project("{2150E333-8FDC-42A3-9474-1A3956D46DE8}") = "end", "end", "{4249CDB6-B237-4319-8426-6EB68C00D2BF}"
EndProject
Project("{9A19103F-16F7-4668-BE54-9A1E7A4F7556}") = "Algorithms", "Exercise Files\05\05_02\end\Algorithms\Algorithms.csproj", "{1EFE2297-D1E6-4257-956D-927AE5E9123C}"
EndProject
Project("{2150E333-8FDC-42A3-9474-1A3956D46DE8}") = "02", "02", "{81E47251-5AE7-44E2-9869-848985FDD150}"
EndProject
Project("{2150E333-8FDC-42A3-9474-1A3956D46DE8}") = "02_02", "02_02", "{98B8447E-E5BA-42B9-BD28-01BDAA1E1F8F}"
EndProject
Project("{2150E333-8FDC-42A3-9474-1A3956D46DE8}") = "start", "start", "{9B637D9E-B675-437A-93D6-82DAE93F4CE1}"
EndProject
Project("{9A19103F-16F7-4668-BE54-9A1E7A4F7556}") = "Algorithms", "Exercise Files\02\02_02\start\Algorithms\Algorithms.csproj", "{463B79C4-91BB-4E83-969B-659BA28F70D3}"
EndProject
Project("{2150E333-8FDC-42A3-9474-1A3956D46DE8}") = "end", "end", "{7897B8F1-F5BB-4DE0-B425-7C7EBCF85BEC}"
EndProject
Project("{9A19103F-16F7-4668-BE54-9A1E7A4F7556}") = "Algorithms", "Exercise Files\02\02_02\end\Algorithms\Algorithms.csproj", "{1D67B62D-F7B3-4585-8D3D-BEF7F25D97FD}"
EndProject
Project("{2150E333-8FDC-42A3-9474-1A3956D46DE8}") = "02_04", "02_04", "{7F5E5007-C526-4878-BDC6-2B8EA40D973B}"
EndProject
Project("{2150E333-8FDC-42A3-9474-1A3956D46DE8}") = "start", "start", "{89749C12-2AF2-410D-B205-0B0F4C55D7EB}"
EndProject
Project("{9A19103F-16F7-4668-BE54-9A1E7A4F7556}") = "Algorithms", "Exercise Files\02\02_04\start\Algorithms\Algorithms.csproj", "{7BB19FD4-C2D1-4D2A-94DD-92A4737DC46F}"
EndProject
Project("{2150E333-8FDC-42A3-9474-1A3956D46DE8}") = "end", "end", "{E70DA748-BB06-4435-85DA-801117ACC23B}"
EndProject
Project("{9A19103F-16F7-4668-BE54-9A1E7A4F7556}") = "Algorithms", "Exercise Files\02\02_04\end\Algorithms\Algorithms.csproj", "{37EA784F-0F43-41AC-B732-73EDC57A6B6A}"
EndProject
Project("{2150E333-8FDC-42A3-9474-1A3956D46DE8}") = "02_03", "02_03", "{6CC58E2F-C548-4A4C-AF70-B610CB1D93D6}"
EndProject
Project("{2150E333-8FDC-42A3-9474-1A3956D46DE8}") = "start", "start", "{CB649142-319E-4968-B8B7-0658A6845F81}"
EndProject
Project("{9A19103F-16F7-4668-BE54-9A1E7A4F7556}") = "Algorithms", "Exercise Files\02\02_03\start\Algorithms\Algorithms.csproj", "{BD072D7C-F72B-40AD-A7AF-364694936E7F}"
EndProject
Project("{2150E333-8FDC-42A3-9474-1A3956D46DE8}") = "end", "end", "{715B4411-45D9-49CC-86F3-4FE4A678FE4C}"
EndProject
Project("{9A19103F-16F7-4668-BE54-9A1E7A4F7556}") = "Algorithms", "Exercise Files\02\02_03\end\Algorithms\Algorithms.csproj", "{0051F0A0-2D99-4562-BA30-4EED97E639B9}"
EndProject
Project("{2150E333-8FDC-42A3-9474-1A3956D46DE8}") = "02_06_Solution", "02_06_Solution", "{D6B6A198-D57C-4329-A4BD-219C44EDF38E}"
EndProject
Project("{2150E333-8FDC-42A3-9474-1A3956D46DE8}") = "start", "start", "{BF158F35-E7D5-45E9-AE6D-15341E6E06E7}"
EndProject
Project("{9A19103F-16F7-4668-BE54-9A1E7A4F7556}") = "Algorithms", "Exercise Files\02\02_06_Solution\start\Algorithms\Algorithms.csproj", "{D1B1182A-A3D9-4F15-AE2E-22373EBBCA60}"
EndProject
Project("{2150E333-8FDC-42A3-9474-1A3956D46DE8}") = "end", "end", "{7DA38BBA-F6A1-4FD5-89A8-D37AD111633D}"
EndProject
Project("{9A19103F-16F7-4668-BE54-9A1E7A4F7556}") = "Algorithms", "Exercise Files\02\02_06_Solution\end\Algorithms\Algorithms.csproj", "{A210FF22-3C1C-49DA-99B4-AC3F3C2FB72C}"
EndProject
Project("{2150E333-8FDC-42A3-9474-1A3956D46DE8}") = "02_01", "02_01", "{2E553CD6-1D76-4CE1-A866-064EF2952C97}"
EndProject
Project("{2150E333-8FDC-42A3-9474-1A3956D46DE8}") = "start", "start", "{21A369D7-F229-473B-8437-94D88506C1EE}"
EndProject
Project("{9A19103F-16F7-4668-BE54-9A1E7A4F7556}") = "Algorithms", "Exercise Files\02\02_01\start\Algorithms\Algorithms.csproj", "{1EC06CF1-870B-4399-9A13-EAD1DD9B8B97}"
EndProject
Project("{2150E333-8FDC-42A3-9474-1A3956D46DE8}") = "end", "end", "{1F5752BD-4565-483D-BA22-7849DCC407D3}"
EndProject
Project("{9A19103F-16F7-4668-BE54-9A1E7A4F7556}") = "Algorithms", "Exercise Files\02\02_01\end\Algorithms\Algorithms.csproj", "{97873E59-91DE-4E34-A702-BED641298326}"
EndProject
Project("{2150E333-8FDC-42A3-9474-1A3956D46DE8}") = "00", "00", "{215AA440-A68E-4591-9E92-507D7985BA20}"
EndProject
Project("{2150E333-8FDC-42A3-9474-1A3956D46DE8}") = "00_04", "00_04", "{F4599496-995C-46B9-9E84-C12946C95662}"
EndProject
Project("{2150E333-8FDC-42A3-9474-1A3956D46DE8}") = "start", "start", "{06F2DCAF-A517-4105-A870-30EFCC951D13}"
EndProject
Project("{9A19103F-16F7-4668-BE54-9A1E7A4F7556}") = "Algorithms", "Exercise Files\00\00_04\start\Algorithms\Algorithms.csproj", "{E43E56A0-8901-4D1D-BBA3-E97F4F2809C7}"
EndProject
Project("{2150E333-8FDC-42A3-9474-1A3956D46DE8}") = "end", "end", "{346439C1-9CDF-4415-8585-6DACFBD09822}"
EndProject
Project("{9A19103F-16F7-4668-BE54-9A1E7A4F7556}") = "Algorithms", "Exercise Files\00\00_04\end\Algorithms\Algorithms.csproj", "{2FCDAFA8-1875-4A5E-9523-C24D9802AD6D}"
EndProject
Project("{2150E333-8FDC-42A3-9474-1A3956D46DE8}") = "01_01", "01_01", "{C880AFCC-BC9E-4A81-BC42-99F69BB1615F}"
EndProject
Project("{2150E333-8FDC-42A3-9474-1A3956D46DE8}") = "start", "start", "{EF50CB0B-A0C6-4D57-B049-3676D2CA854B}"
EndProject
Project("{9A19103F-16F7-4668-BE54-9A1E7A4F7556}") = "Algorithms", "Exercise Files\01\01_01\start\Algorithms\Algorithms.csproj", "{79F18E7B-4031-4E22-834C-6E0BBABEAB79}"
EndProject
Project("{2150E333-8FDC-42A3-9474-1A3956D46DE8}") = "end", "end", "{CEBCE262-2A82-4F04-A051-8AB2059C02C3}"
EndProject
Project("{9A19103F-16F7-4668-BE54-9A1E7A4F7556}") = "Algorithms", "Exercise Files\01\01_01\end\Algorithms\Algorithms.csproj", "{396050CA-CAA9-48B5-996B-00451354EC75}"
EndProject
Project("{2150E333-8FDC-42A3-9474-1A3956D46DE8}") = "01_02", "01_02", "{8E090718-8CAE-4584-B248-FCC70C900A6A}"
EndProject
Project("{2150E333-8FDC-42A3-9474-1A3956D46DE8}") = "start", "start", "{250205EE-E27C-4820-945A-058D75CE25DE}"
EndProject
Project("{9A19103F-16F7-4668-BE54-9A1E7A4F7556}") = "Algorithms", "Exercise Files\01\01_02\start\Algorithms\Algorithms.csproj", "{888BE27B-E88B-4FAE-8BBF-36776809A9DF}"
EndProject
Project("{2150E333-8FDC-42A3-9474-1A3956D46DE8}") = "end", "end", "{898F601A-2D71-4EC3-A58C-44DD040BBC51}"
EndProject
Project("{9A19103F-16F7-4668-BE54-9A1E7A4F7556}") = "Algorithms", "Exercise Files\01\01_02\end\Algorithms\Algorithms.csproj", "{22E5EE2B-7F33-4813-AA48-5505F12E1253}"
EndProject
Project("{2150E333-8FDC-42A3-9474-1A3956D46DE8}") = "01_04", "01_04", "{D88FA05A-1301-4D3C-B56F-E9CC4CB65D14}"
EndProject
Project("{2150E333-8FDC-42A3-9474-1A3956D46DE8}") = "start", "start", "{4757772A-A56D-4097-82D2-D725AE6E45B2}"
EndProject
Project("{9A19103F-16F7-4668-BE54-9A1E7A4F7556}") = "Algorithms", "Exercise Files\01\01_04\start\Algorithms\Algorithms.csproj", "{81F498E9-2987-44F7-B2A4-A80391091519}"
EndProject
Project("{2150E333-8FDC-42A3-9474-1A3956D46DE8}") = "end", "end", "{E74427DA-10F3-4177-ADFA-44AEE60FBC64}"
EndProject
Project("{9A19103F-16F7-4668-BE54-9A1E7A4F7556}") = "Algorithms", "Exercise Files\01\01_04\end\Algorithms\Algorithms.csproj", "{C79CE013-A38A-4CBE-8957-6723385E2F74}"
EndProject
Project("{2150E333-8FDC-42A3-9474-1A3956D46DE8}") = "01_03", "01_03", "{042F71F1-CC53-4221-971C-729DBF10C82C}"
EndProject
Project("{2150E333-8FDC-42A3-9474-1A3956D46DE8}") = "start", "start", "{8D3FE828-739F-4DC2-B563-61D416A9D9AB}"
EndProject
Project("{9A19103F-16F7-4668-BE54-9A1E7A4F7556}") = "Algorithms", "Exercise Files\01\01_03\start\Algorithms\Algorithms.csproj", "{0079972B-50F3-4515-85EF-B8189EA9F55F}"
EndProject
Project("{2150E333-8FDC-42A3-9474-1A3956D46DE8}") = "end", "end", "{ABAAF418-406A-43A9-AEC9-CA14E093F53C}"
EndProject
Project("{9A19103F-16F7-4668-BE54-9A1E7A4F7556}") = "Algorithms", "Exercise Files\01\01_03\end\Algorithms\Algorithms.csproj", "{3DF509C2-EF0B-4F54-84DF-61CB0616DE0D}"
EndProject
Project("{2150E333-8FDC-42A3-9474-1A3956D46DE8}") = "01_06_Solution", "01_06_Solution", "{1B2A8CB5-772E-4CE1-B9DA-4F0B06CC273B}"
EndProject
Project("{2150E333-8FDC-42A3-9474-1A3956D46DE8}") = "start", "start", "{19186116-15F8-41DF-9756-1C8EBD739BAF}"
EndProject
Project("{9A19103F-16F7-4668-BE54-9A1E7A4F7556}") = "Algorithms", "Exercise Files\01\01_06_Solution\start\Algorithms\Algorithms.csproj", "{5287D951-2D0D-4EFB-A00E-ED23753FB203}"
EndProject
Project("{2150E333-8FDC-42A3-9474-1A3956D46DE8}") = "end", "end", "{72993F49-1EB5-4677-8509-2A08F43E580C}"
EndProject
Project("{9A19103F-16F7-4668-BE54-9A1E7A4F7556}") = "Algorithms", "Exercise Files\01\01_06_Solution\end\Algorithms\Algorithms.csproj", "{949AAB96-27DB-49CA-B4E6-464354A64F35}"
EndProject
Project("{2150E333-8FDC-42A3-9474-1A3956D46DE8}") = "06_04", "06_04", "{EB1256DD-15F3-42D8-95F6-BF82980B71D2}"
EndProject
Project("{2150E333-8FDC-42A3-9474-1A3956D46DE8}") = "start", "start", "{38760978-B766-4DDA-8101-A100F0A145D7}"
EndProject
Project("{9A19103F-16F7-4668-BE54-9A1E7A4F7556}") = "Algorithms", "Exercise Files\06\06_04\start\Algorithms\Algorithms.csproj", "{45BFC247-0E8A-4ECE-B1B7-3A91FA844C54}"
EndProject
Project("{2150E333-8FDC-42A3-9474-1A3956D46DE8}") = "end", "end", "{ED762621-DDE0-4A77-A347-5A4142376486}"
EndProject
Project("{9A19103F-16F7-4668-BE54-9A1E7A4F7556}") = "Algorithms", "Exercise Files\06\06_04\end\Algorithms\Algorithms.csproj", "{1EAEB0B0-D5E6-4503-9C21-20D1DC76ADB8}"
EndProject
Project("{2150E333-8FDC-42A3-9474-1A3956D46DE8}") = "06_06_Solution", "06_06_Solution", "{B79B705E-C7C1-4BB4-B98E-3FCF8946C632}"
EndProject
Project("{2150E333-8FDC-42A3-9474-1A3956D46DE8}") = "start", "start", "{B05D610C-7907-426F-8C76-4A3F90B6F24F}"
EndProject
Project("{9A19103F-16F7-4668-BE54-9A1E7A4F7556}") = "Algorithms", "Exercise Files\06\06_06_Solution\start\Algorithms\Algorithms.csproj", "{3AB83486-E8D4-4238-BCCB-552F32F10A57}"
EndProject
Project("{2150E333-8FDC-42A3-9474-1A3956D46DE8}") = "end", "end", "{8EB23FCC-06F9-4522-8E0D-94830AC3BE1A}"
EndProject
Project("{9A19103F-16F7-4668-BE54-9A1E7A4F7556}") = "Algorithms", "Exercise Files\06\06_06_Solution\end\Algorithms\Algorithms.csproj", "{D9F3A3AC-6158-4CD3-88BC-B08CC343460A}"
EndProject
Project("{2150E333-8FDC-42A3-9474-1A3956D46DE8}") = "06_02", "06_02", "{DBCA37F6-E360-4C88-8E81-B88A136D61EC}"
EndProject
Project("{2150E333-8FDC-42A3-9474-1A3956D46DE8}") = "start", "start", "{7AC83CBE-B3B2-4702-BC12-550A680755DF}"
EndProject
Project("{9A19103F-16F7-4668-BE54-9A1E7A4F7556}") = "Algorithms", "Exercise Files\06\06_02\start\Algorithms\Algorithms.csproj", "{E0E18337-5439-4967-87FD-933DB9A46D19}"
EndProject
Project("{2150E333-8FDC-42A3-9474-1A3956D46DE8}") = "end", "end", "{A62226E4-6B3F-4808-A16F-1C221D72A6A3}"
EndProject
Project("{9A19103F-16F7-4668-BE54-9A1E7A4F7556}") = "Algorithms", "Exercise Files\06\06_02\end\Algorithms\Algorithms.csproj", "{CF4421C5-C086-4F17-B8DC-9AA61BAFEE5F}"
EndProject
Global
	GlobalSection(SolutionConfigurationPlatforms) = preSolution
		Debug|Any CPU = Debug|Any CPU
		Release|Any CPU = Release|Any CPU
	EndGlobalSection
	GlobalSection(ProjectConfigurationPlatforms) = postSolution
		{6F117491-3A83-46BD-8DFD-8DDDE89A6293}.Debug|Any CPU.ActiveCfg = Debug|Any CPU
		{6F117491-3A83-46BD-8DFD-8DDDE89A6293}.Debug|Any CPU.Build.0 = Debug|Any CPU
		{6F117491-3A83-46BD-8DFD-8DDDE89A6293}.Release|Any CPU.ActiveCfg = Release|Any CPU
		{6F117491-3A83-46BD-8DFD-8DDDE89A6293}.Release|Any CPU.Build.0 = Release|Any CPU
		{EFAC6305-1010-4769-B667-DBE82DD18906}.Debug|Any CPU.ActiveCfg = Debug|Any CPU
		{EFAC6305-1010-4769-B667-DBE82DD18906}.Debug|Any CPU.Build.0 = Debug|Any CPU
		{EFAC6305-1010-4769-B667-DBE82DD18906}.Release|Any CPU.ActiveCfg = Release|Any CPU
		{EFAC6305-1010-4769-B667-DBE82DD18906}.Release|Any CPU.Build.0 = Release|Any CPU
		{58D9D09E-514A-426D-AFFD-70CFAF4437BB}.Debug|Any CPU.ActiveCfg = Debug|Any CPU
		{58D9D09E-514A-426D-AFFD-70CFAF4437BB}.Debug|Any CPU.Build.0 = Debug|Any CPU
		{58D9D09E-514A-426D-AFFD-70CFAF4437BB}.Release|Any CPU.ActiveCfg = Release|Any CPU
		{58D9D09E-514A-426D-AFFD-70CFAF4437BB}.Release|Any CPU.Build.0 = Release|Any CPU
		{63272737-F3AF-4663-8CC1-8B45417AC9D7}.Debug|Any CPU.ActiveCfg = Debug|Any CPU
		{63272737-F3AF-4663-8CC1-8B45417AC9D7}.Debug|Any CPU.Build.0 = Debug|Any CPU
		{63272737-F3AF-4663-8CC1-8B45417AC9D7}.Release|Any CPU.ActiveCfg = Release|Any CPU
		{63272737-F3AF-4663-8CC1-8B45417AC9D7}.Release|Any CPU.Build.0 = Release|Any CPU
		{033482B2-5843-4E98-A0F6-A20167832050}.Debug|Any CPU.ActiveCfg = Debug|Any CPU
		{033482B2-5843-4E98-A0F6-A20167832050}.Debug|Any CPU.Build.0 = Debug|Any CPU
		{033482B2-5843-4E98-A0F6-A20167832050}.Release|Any CPU.ActiveCfg = Release|Any CPU
		{033482B2-5843-4E98-A0F6-A20167832050}.Release|Any CPU.Build.0 = Release|Any CPU
		{895DC54D-3389-4C99-A3CF-59B80CCC54A4}.Debug|Any CPU.ActiveCfg = Debug|Any CPU
		{895DC54D-3389-4C99-A3CF-59B80CCC54A4}.Debug|Any CPU.Build.0 = Debug|Any CPU
		{895DC54D-3389-4C99-A3CF-59B80CCC54A4}.Release|Any CPU.ActiveCfg = Release|Any CPU
		{895DC54D-3389-4C99-A3CF-59B80CCC54A4}.Release|Any CPU.Build.0 = Release|Any CPU
		{F8DBB7DF-F6D8-47F5-90F0-16921F50EC49}.Debug|Any CPU.ActiveCfg = Debug|Any CPU
		{F8DBB7DF-F6D8-47F5-90F0-16921F50EC49}.Debug|Any CPU.Build.0 = Debug|Any CPU
		{F8DBB7DF-F6D8-47F5-90F0-16921F50EC49}.Release|Any CPU.ActiveCfg = Release|Any CPU
		{F8DBB7DF-F6D8-47F5-90F0-16921F50EC49}.Release|Any CPU.Build.0 = Release|Any CPU
		{FCFA0075-39DE-498C-99C3-D7FDB791B922}.Debug|Any CPU.ActiveCfg = Debug|Any CPU
		{FCFA0075-39DE-498C-99C3-D7FDB791B922}.Debug|Any CPU.Build.0 = Debug|Any CPU
		{FCFA0075-39DE-498C-99C3-D7FDB791B922}.Release|Any CPU.ActiveCfg = Release|Any CPU
		{FCFA0075-39DE-498C-99C3-D7FDB791B922}.Release|Any CPU.Build.0 = Release|Any CPU
		{ABCF6C38-1C17-4F51-9E35-FAC17FC7D110}.Debug|Any CPU.ActiveCfg = Debug|Any CPU
		{ABCF6C38-1C17-4F51-9E35-FAC17FC7D110}.Debug|Any CPU.Build.0 = Debug|Any CPU
		{ABCF6C38-1C17-4F51-9E35-FAC17FC7D110}.Release|Any CPU.ActiveCfg = Release|Any CPU
		{ABCF6C38-1C17-4F51-9E35-FAC17FC7D110}.Release|Any CPU.Build.0 = Release|Any CPU
		{314FB74B-EF5C-412A-BED7-F63F71BDAAD5}.Debug|Any CPU.ActiveCfg = Debug|Any CPU
		{314FB74B-EF5C-412A-BED7-F63F71BDAAD5}.Debug|Any CPU.Build.0 = Debug|Any CPU
		{314FB74B-EF5C-412A-BED7-F63F71BDAAD5}.Release|Any CPU.ActiveCfg = Release|Any CPU
		{314FB74B-EF5C-412A-BED7-F63F71BDAAD5}.Release|Any CPU.Build.0 = Release|Any CPU
		{285F7DE4-7100-4DBA-AAFD-0AA8899A645A}.Debug|Any CPU.ActiveCfg = Debug|Any CPU
		{285F7DE4-7100-4DBA-AAFD-0AA8899A645A}.Debug|Any CPU.Build.0 = Debug|Any CPU
		{285F7DE4-7100-4DBA-AAFD-0AA8899A645A}.Release|Any CPU.ActiveCfg = Release|Any CPU
		{285F7DE4-7100-4DBA-AAFD-0AA8899A645A}.Release|Any CPU.Build.0 = Release|Any CPU
		{CBB4517D-D868-4DB4-9521-DB3C1A74D522}.Debug|Any CPU.ActiveCfg = Debug|Any CPU
		{CBB4517D-D868-4DB4-9521-DB3C1A74D522}.Debug|Any CPU.Build.0 = Debug|Any CPU
		{CBB4517D-D868-4DB4-9521-DB3C1A74D522}.Release|Any CPU.ActiveCfg = Release|Any CPU
		{CBB4517D-D868-4DB4-9521-DB3C1A74D522}.Release|Any CPU.Build.0 = Release|Any CPU
		{CDAF483E-A0C2-4B65-951D-61D36EB1554B}.Debug|Any CPU.ActiveCfg = Debug|Any CPU
		{CDAF483E-A0C2-4B65-951D-61D36EB1554B}.Debug|Any CPU.Build.0 = Debug|Any CPU
		{CDAF483E-A0C2-4B65-951D-61D36EB1554B}.Release|Any CPU.ActiveCfg = Release|Any CPU
		{CDAF483E-A0C2-4B65-951D-61D36EB1554B}.Release|Any CPU.Build.0 = Release|Any CPU
		{C3F2B26D-5EEC-4751-BE1C-AB719623281B}.Debug|Any CPU.ActiveCfg = Debug|Any CPU
		{C3F2B26D-5EEC-4751-BE1C-AB719623281B}.Debug|Any CPU.Build.0 = Debug|Any CPU
		{C3F2B26D-5EEC-4751-BE1C-AB719623281B}.Release|Any CPU.ActiveCfg = Release|Any CPU
		{C3F2B26D-5EEC-4751-BE1C-AB719623281B}.Release|Any CPU.Build.0 = Release|Any CPU
		{A4D3C4B1-38DE-4C0C-81BB-F752E4C5FACF}.Debug|Any CPU.ActiveCfg = Debug|Any CPU
		{A4D3C4B1-38DE-4C0C-81BB-F752E4C5FACF}.Debug|Any CPU.Build.0 = Debug|Any CPU
		{A4D3C4B1-38DE-4C0C-81BB-F752E4C5FACF}.Release|Any CPU.ActiveCfg = Release|Any CPU
		{A4D3C4B1-38DE-4C0C-81BB-F752E4C5FACF}.Release|Any CPU.Build.0 = Release|Any CPU
		{7BF259E1-A90B-41C4-9D48-7A12AA3E5C58}.Debug|Any CPU.ActiveCfg = Debug|Any CPU
		{7BF259E1-A90B-41C4-9D48-7A12AA3E5C58}.Debug|Any CPU.Build.0 = Debug|Any CPU
		{7BF259E1-A90B-41C4-9D48-7A12AA3E5C58}.Release|Any CPU.ActiveCfg = Release|Any CPU
		{7BF259E1-A90B-41C4-9D48-7A12AA3E5C58}.Release|Any CPU.Build.0 = Release|Any CPU
		{2ECFBE38-4DB4-4800-B8BD-C91CF6AFE7B7}.Debug|Any CPU.ActiveCfg = Debug|Any CPU
		{2ECFBE38-4DB4-4800-B8BD-C91CF6AFE7B7}.Debug|Any CPU.Build.0 = Debug|Any CPU
		{2ECFBE38-4DB4-4800-B8BD-C91CF6AFE7B7}.Release|Any CPU.ActiveCfg = Release|Any CPU
		{2ECFBE38-4DB4-4800-B8BD-C91CF6AFE7B7}.Release|Any CPU.Build.0 = Release|Any CPU
		{9CB4B442-0EE7-4211-AB20-FECB18C95ACC}.Debug|Any CPU.ActiveCfg = Debug|Any CPU
		{9CB4B442-0EE7-4211-AB20-FECB18C95ACC}.Debug|Any CPU.Build.0 = Debug|Any CPU
		{9CB4B442-0EE7-4211-AB20-FECB18C95ACC}.Release|Any CPU.ActiveCfg = Release|Any CPU
		{9CB4B442-0EE7-4211-AB20-FECB18C95ACC}.Release|Any CPU.Build.0 = Release|Any CPU
		{AC071F6F-424D-4F8C-B8AF-D73B911CCAD9}.Debug|Any CPU.ActiveCfg = Debug|Any CPU
		{AC071F6F-424D-4F8C-B8AF-D73B911CCAD9}.Debug|Any CPU.Build.0 = Debug|Any CPU
		{AC071F6F-424D-4F8C-B8AF-D73B911CCAD9}.Release|Any CPU.ActiveCfg = Release|Any CPU
		{AC071F6F-424D-4F8C-B8AF-D73B911CCAD9}.Release|Any CPU.Build.0 = Release|Any CPU
		{C5415B94-7020-442E-A1F8-970F8ACEA4A7}.Debug|Any CPU.ActiveCfg = Debug|Any CPU
		{C5415B94-7020-442E-A1F8-970F8ACEA4A7}.Debug|Any CPU.Build.0 = Debug|Any CPU
		{C5415B94-7020-442E-A1F8-970F8ACEA4A7}.Release|Any CPU.ActiveCfg = Release|Any CPU
		{C5415B94-7020-442E-A1F8-970F8ACEA4A7}.Release|Any CPU.Build.0 = Release|Any CPU
		{3871CBAC-D2B5-4976-B9FF-E8B3C251F046}.Debug|Any CPU.ActiveCfg = Debug|Any CPU
		{3871CBAC-D2B5-4976-B9FF-E8B3C251F046}.Debug|Any CPU.Build.0 = Debug|Any CPU
		{3871CBAC-D2B5-4976-B9FF-E8B3C251F046}.Release|Any CPU.ActiveCfg = Release|Any CPU
		{3871CBAC-D2B5-4976-B9FF-E8B3C251F046}.Release|Any CPU.Build.0 = Release|Any CPU
		{D1445F91-60E4-4602-A4B8-9EE86FCD881D}.Debug|Any CPU.ActiveCfg = Debug|Any CPU
		{D1445F91-60E4-4602-A4B8-9EE86FCD881D}.Debug|Any CPU.Build.0 = Debug|Any CPU
		{D1445F91-60E4-4602-A4B8-9EE86FCD881D}.Release|Any CPU.ActiveCfg = Release|Any CPU
		{D1445F91-60E4-4602-A4B8-9EE86FCD881D}.Release|Any CPU.Build.0 = Release|Any CPU
		{AD22642B-0FB4-4F03-AE0B-5B175C6C333A}.Debug|Any CPU.ActiveCfg = Debug|Any CPU
		{AD22642B-0FB4-4F03-AE0B-5B175C6C333A}.Debug|Any CPU.Build.0 = Debug|Any CPU
		{AD22642B-0FB4-4F03-AE0B-5B175C6C333A}.Release|Any CPU.ActiveCfg = Release|Any CPU
		{AD22642B-0FB4-4F03-AE0B-5B175C6C333A}.Release|Any CPU.Build.0 = Release|Any CPU
		{486E14C3-8207-464C-B73A-158BCC25AEE6}.Debug|Any CPU.ActiveCfg = Debug|Any CPU
		{486E14C3-8207-464C-B73A-158BCC25AEE6}.Debug|Any CPU.Build.0 = Debug|Any CPU
		{486E14C3-8207-464C-B73A-158BCC25AEE6}.Release|Any CPU.ActiveCfg = Release|Any CPU
		{486E14C3-8207-464C-B73A-158BCC25AEE6}.Release|Any CPU.Build.0 = Release|Any CPU
		{FB6EBD56-D323-49C5-AFCB-553B126C10A9}.Debug|Any CPU.ActiveCfg = Debug|Any CPU
		{FB6EBD56-D323-49C5-AFCB-553B126C10A9}.Debug|Any CPU.Build.0 = Debug|Any CPU
		{FB6EBD56-D323-49C5-AFCB-553B126C10A9}.Release|Any CPU.ActiveCfg = Release|Any CPU
		{FB6EBD56-D323-49C5-AFCB-553B126C10A9}.Release|Any CPU.Build.0 = Release|Any CPU
		{9FE3DEAD-433E-4364-9592-62821E23078A}.Debug|Any CPU.ActiveCfg = Debug|Any CPU
		{9FE3DEAD-433E-4364-9592-62821E23078A}.Debug|Any CPU.Build.0 = Debug|Any CPU
		{9FE3DEAD-433E-4364-9592-62821E23078A}.Release|Any CPU.ActiveCfg = Release|Any CPU
		{9FE3DEAD-433E-4364-9592-62821E23078A}.Release|Any CPU.Build.0 = Release|Any CPU
		{1EFE2297-D1E6-4257-956D-927AE5E9123C}.Debug|Any CPU.ActiveCfg = Debug|Any CPU
		{1EFE2297-D1E6-4257-956D-927AE5E9123C}.Debug|Any CPU.Build.0 = Debug|Any CPU
		{1EFE2297-D1E6-4257-956D-927AE5E9123C}.Release|Any CPU.ActiveCfg = Release|Any CPU
		{1EFE2297-D1E6-4257-956D-927AE5E9123C}.Release|Any CPU.Build.0 = Release|Any CPU
		{463B79C4-91BB-4E83-969B-659BA28F70D3}.Debug|Any CPU.ActiveCfg = Debug|Any CPU
		{463B79C4-91BB-4E83-969B-659BA28F70D3}.Debug|Any CPU.Build.0 = Debug|Any CPU
		{463B79C4-91BB-4E83-969B-659BA28F70D3}.Release|Any CPU.ActiveCfg = Release|Any CPU
		{463B79C4-91BB-4E83-969B-659BA28F70D3}.Release|Any CPU.Build.0 = Release|Any CPU
		{1D67B62D-F7B3-4585-8D3D-BEF7F25D97FD}.Debug|Any CPU.ActiveCfg = Debug|Any CPU
		{1D67B62D-F7B3-4585-8D3D-BEF7F25D97FD}.Debug|Any CPU.Build.0 = Debug|Any CPU
		{1D67B62D-F7B3-4585-8D3D-BEF7F25D97FD}.Release|Any CPU.ActiveCfg = Release|Any CPU
		{1D67B62D-F7B3-4585-8D3D-BEF7F25D97FD}.Release|Any CPU.Build.0 = Release|Any CPU
		{7BB19FD4-C2D1-4D2A-94DD-92A4737DC46F}.Debug|Any CPU.ActiveCfg = Debug|Any CPU
		{7BB19FD4-C2D1-4D2A-94DD-92A4737DC46F}.Debug|Any CPU.Build.0 = Debug|Any CPU
		{7BB19FD4-C2D1-4D2A-94DD-92A4737DC46F}.Release|Any CPU.ActiveCfg = Release|Any CPU
		{7BB19FD4-C2D1-4D2A-94DD-92A4737DC46F}.Release|Any CPU.Build.0 = Release|Any CPU
		{37EA784F-0F43-41AC-B732-73EDC57A6B6A}.Debug|Any CPU.ActiveCfg = Debug|Any CPU
		{37EA784F-0F43-41AC-B732-73EDC57A6B6A}.Debug|Any CPU.Build.0 = Debug|Any CPU
		{37EA784F-0F43-41AC-B732-73EDC57A6B6A}.Release|Any CPU.ActiveCfg = Release|Any CPU
		{37EA784F-0F43-41AC-B732-73EDC57A6B6A}.Release|Any CPU.Build.0 = Release|Any CPU
		{BD072D7C-F72B-40AD-A7AF-364694936E7F}.Debug|Any CPU.ActiveCfg = Debug|Any CPU
		{BD072D7C-F72B-40AD-A7AF-364694936E7F}.Debug|Any CPU.Build.0 = Debug|Any CPU
		{BD072D7C-F72B-40AD-A7AF-364694936E7F}.Release|Any CPU.ActiveCfg = Release|Any CPU
		{BD072D7C-F72B-40AD-A7AF-364694936E7F}.Release|Any CPU.Build.0 = Release|Any CPU
		{0051F0A0-2D99-4562-BA30-4EED97E639B9}.Debug|Any CPU.ActiveCfg = Debug|Any CPU
		{0051F0A0-2D99-4562-BA30-4EED97E639B9}.Debug|Any CPU.Build.0 = Debug|Any CPU
		{0051F0A0-2D99-4562-BA30-4EED97E639B9}.Release|Any CPU.ActiveCfg = Release|Any CPU
		{0051F0A0-2D99-4562-BA30-4EED97E639B9}.Release|Any CPU.Build.0 = Release|Any CPU
		{D1B1182A-A3D9-4F15-AE2E-22373EBBCA60}.Debug|Any CPU.ActiveCfg = Debug|Any CPU
		{D1B1182A-A3D9-4F15-AE2E-22373EBBCA60}.Debug|Any CPU.Build.0 = Debug|Any CPU
		{D1B1182A-A3D9-4F15-AE2E-22373EBBCA60}.Release|Any CPU.ActiveCfg = Release|Any CPU
		{D1B1182A-A3D9-4F15-AE2E-22373EBBCA60}.Release|Any CPU.Build.0 = Release|Any CPU
		{A210FF22-3C1C-49DA-99B4-AC3F3C2FB72C}.Debug|Any CPU.ActiveCfg = Debug|Any CPU
		{A210FF22-3C1C-49DA-99B4-AC3F3C2FB72C}.Debug|Any CPU.Build.0 = Debug|Any CPU
		{A210FF22-3C1C-49DA-99B4-AC3F3C2FB72C}.Release|Any CPU.ActiveCfg = Release|Any CPU
		{A210FF22-3C1C-49DA-99B4-AC3F3C2FB72C}.Release|Any CPU.Build.0 = Release|Any CPU
		{1EC06CF1-870B-4399-9A13-EAD1DD9B8B97}.Debug|Any CPU.ActiveCfg = Debug|Any CPU
		{1EC06CF1-870B-4399-9A13-EAD1DD9B8B97}.Debug|Any CPU.Build.0 = Debug|Any CPU
		{1EC06CF1-870B-4399-9A13-EAD1DD9B8B97}.Release|Any CPU.ActiveCfg = Release|Any CPU
		{1EC06CF1-870B-4399-9A13-EAD1DD9B8B97}.Release|Any CPU.Build.0 = Release|Any CPU
		{97873E59-91DE-4E34-A702-BED641298326}.Debug|Any CPU.ActiveCfg = Debug|Any CPU
		{97873E59-91DE-4E34-A702-BED641298326}.Debug|Any CPU.Build.0 = Debug|Any CPU
		{97873E59-91DE-4E34-A702-BED641298326}.Release|Any CPU.ActiveCfg = Release|Any CPU
		{97873E59-91DE-4E34-A702-BED641298326}.Release|Any CPU.Build.0 = Release|Any CPU
		{E43E56A0-8901-4D1D-BBA3-E97F4F2809C7}.Debug|Any CPU.ActiveCfg = Debug|Any CPU
		{E43E56A0-8901-4D1D-BBA3-E97F4F2809C7}.Debug|Any CPU.Build.0 = Debug|Any CPU
		{E43E56A0-8901-4D1D-BBA3-E97F4F2809C7}.Release|Any CPU.ActiveCfg = Release|Any CPU
		{E43E56A0-8901-4D1D-BBA3-E97F4F2809C7}.Release|Any CPU.Build.0 = Release|Any CPU
		{2FCDAFA8-1875-4A5E-9523-C24D9802AD6D}.Debug|Any CPU.ActiveCfg = Debug|Any CPU
		{2FCDAFA8-1875-4A5E-9523-C24D9802AD6D}.Debug|Any CPU.Build.0 = Debug|Any CPU
		{2FCDAFA8-1875-4A5E-9523-C24D9802AD6D}.Release|Any CPU.ActiveCfg = Release|Any CPU
		{2FCDAFA8-1875-4A5E-9523-C24D9802AD6D}.Release|Any CPU.Build.0 = Release|Any CPU
		{79F18E7B-4031-4E22-834C-6E0BBABEAB79}.Debug|Any CPU.ActiveCfg = Debug|Any CPU
		{79F18E7B-4031-4E22-834C-6E0BBABEAB79}.Debug|Any CPU.Build.0 = Debug|Any CPU
		{79F18E7B-4031-4E22-834C-6E0BBABEAB79}.Release|Any CPU.ActiveCfg = Release|Any CPU
		{79F18E7B-4031-4E22-834C-6E0BBABEAB79}.Release|Any CPU.Build.0 = Release|Any CPU
		{396050CA-CAA9-48B5-996B-00451354EC75}.Debug|Any CPU.ActiveCfg = Debug|Any CPU
		{396050CA-CAA9-48B5-996B-00451354EC75}.Debug|Any CPU.Build.0 = Debug|Any CPU
		{396050CA-CAA9-48B5-996B-00451354EC75}.Release|Any CPU.ActiveCfg = Release|Any CPU
		{396050CA-CAA9-48B5-996B-00451354EC75}.Release|Any CPU.Build.0 = Release|Any CPU
		{888BE27B-E88B-4FAE-8BBF-36776809A9DF}.Debug|Any CPU.ActiveCfg = Debug|Any CPU
		{888BE27B-E88B-4FAE-8BBF-36776809A9DF}.Debug|Any CPU.Build.0 = Debug|Any CPU
		{888BE27B-E88B-4FAE-8BBF-36776809A9DF}.Release|Any CPU.ActiveCfg = Release|Any CPU
		{888BE27B-E88B-4FAE-8BBF-36776809A9DF}.Release|Any CPU.Build.0 = Release|Any CPU
		{22E5EE2B-7F33-4813-AA48-5505F12E1253}.Debug|Any CPU.ActiveCfg = Debug|Any CPU
		{22E5EE2B-7F33-4813-AA48-5505F12E1253}.Debug|Any CPU.Build.0 = Debug|Any CPU
		{22E5EE2B-7F33-4813-AA48-5505F12E1253}.Release|Any CPU.ActiveCfg = Release|Any CPU
		{22E5EE2B-7F33-4813-AA48-5505F12E1253}.Release|Any CPU.Build.0 = Release|Any CPU
		{81F498E9-2987-44F7-B2A4-A80391091519}.Debug|Any CPU.ActiveCfg = Debug|Any CPU
		{81F498E9-2987-44F7-B2A4-A80391091519}.Debug|Any CPU.Build.0 = Debug|Any CPU
		{81F498E9-2987-44F7-B2A4-A80391091519}.Release|Any CPU.ActiveCfg = Release|Any CPU
		{81F498E9-2987-44F7-B2A4-A80391091519}.Release|Any CPU.Build.0 = Release|Any CPU
		{C79CE013-A38A-4CBE-8957-6723385E2F74}.Debug|Any CPU.ActiveCfg = Debug|Any CPU
		{C79CE013-A38A-4CBE-8957-6723385E2F74}.Debug|Any CPU.Build.0 = Debug|Any CPU
		{C79CE013-A38A-4CBE-8957-6723385E2F74}.Release|Any CPU.ActiveCfg = Release|Any CPU
		{C79CE013-A38A-4CBE-8957-6723385E2F74}.Release|Any CPU.Build.0 = Release|Any CPU
		{0079972B-50F3-4515-85EF-B8189EA9F55F}.Debug|Any CPU.ActiveCfg = Debug|Any CPU
		{0079972B-50F3-4515-85EF-B8189EA9F55F}.Debug|Any CPU.Build.0 = Debug|Any CPU
		{0079972B-50F3-4515-85EF-B8189EA9F55F}.Release|Any CPU.ActiveCfg = Release|Any CPU
		{0079972B-50F3-4515-85EF-B8189EA9F55F}.Release|Any CPU.Build.0 = Release|Any CPU
		{3DF509C2-EF0B-4F54-84DF-61CB0616DE0D}.Debug|Any CPU.ActiveCfg = Debug|Any CPU
		{3DF509C2-EF0B-4F54-84DF-61CB0616DE0D}.Debug|Any CPU.Build.0 = Debug|Any CPU
		{3DF509C2-EF0B-4F54-84DF-61CB0616DE0D}.Release|Any CPU.ActiveCfg = Release|Any CPU
		{3DF509C2-EF0B-4F54-84DF-61CB0616DE0D}.Release|Any CPU.Build.0 = Release|Any CPU
		{5287D951-2D0D-4EFB-A00E-ED23753FB203}.Debug|Any CPU.ActiveCfg = Debug|Any CPU
		{5287D951-2D0D-4EFB-A00E-ED23753FB203}.Debug|Any CPU.Build.0 = Debug|Any CPU
		{5287D951-2D0D-4EFB-A00E-ED23753FB203}.Release|Any CPU.ActiveCfg = Release|Any CPU
		{5287D951-2D0D-4EFB-A00E-ED23753FB203}.Release|Any CPU.Build.0 = Release|Any CPU
		{949AAB96-27DB-49CA-B4E6-464354A64F35}.Debug|Any CPU.ActiveCfg = Debug|Any CPU
		{949AAB96-27DB-49CA-B4E6-464354A64F35}.Debug|Any CPU.Build.0 = Debug|Any CPU
		{949AAB96-27DB-49CA-B4E6-464354A64F35}.Release|Any CPU.ActiveCfg = Release|Any CPU
		{949AAB96-27DB-49CA-B4E6-464354A64F35}.Release|Any CPU.Build.0 = Release|Any CPU
		{45BFC247-0E8A-4ECE-B1B7-3A91FA844C54}.Debug|Any CPU.ActiveCfg = Debug|Any CPU
		{45BFC247-0E8A-4ECE-B1B7-3A91FA844C54}.Debug|Any CPU.Build.0 = Debug|Any CPU
		{45BFC247-0E8A-4ECE-B1B7-3A91FA844C54}.Release|Any CPU.ActiveCfg = Release|Any CPU
		{45BFC247-0E8A-4ECE-B1B7-3A91FA844C54}.Release|Any CPU.Build.0 = Release|Any CPU
		{1EAEB0B0-D5E6-4503-9C21-20D1DC76ADB8}.Debug|Any CPU.ActiveCfg = Debug|Any CPU
		{1EAEB0B0-D5E6-4503-9C21-20D1DC76ADB8}.Debug|Any CPU.Build.0 = Debug|Any CPU
		{1EAEB0B0-D5E6-4503-9C21-20D1DC76ADB8}.Release|Any CPU.ActiveCfg = Release|Any CPU
		{1EAEB0B0-D5E6-4503-9C21-20D1DC76ADB8}.Release|Any CPU.Build.0 = Release|Any CPU
		{3AB83486-E8D4-4238-BCCB-552F32F10A57}.Debug|Any CPU.ActiveCfg = Debug|Any CPU
		{3AB83486-E8D4-4238-BCCB-552F32F10A57}.Debug|Any CPU.Build.0 = Debug|Any CPU
		{3AB83486-E8D4-4238-BCCB-552F32F10A57}.Release|Any CPU.ActiveCfg = Release|Any CPU
		{3AB83486-E8D4-4238-BCCB-552F32F10A57}.Release|Any CPU.Build.0 = Release|Any CPU
		{D9F3A3AC-6158-4CD3-88BC-B08CC343460A}.Debug|Any CPU.ActiveCfg = Debug|Any CPU
		{D9F3A3AC-6158-4CD3-88BC-B08CC343460A}.Debug|Any CPU.Build.0 = Debug|Any CPU
		{D9F3A3AC-6158-4CD3-88BC-B08CC343460A}.Release|Any CPU.ActiveCfg = Release|Any CPU
		{D9F3A3AC-6158-4CD3-88BC-B08CC343460A}.Release|Any CPU.Build.0 = Release|Any CPU
		{E0E18337-5439-4967-87FD-933DB9A46D19}.Debug|Any CPU.ActiveCfg = Debug|Any CPU
		{E0E18337-5439-4967-87FD-933DB9A46D19}.Debug|Any CPU.Build.0 = Debug|Any CPU
		{E0E18337-5439-4967-87FD-933DB9A46D19}.Release|Any CPU.ActiveCfg = Release|Any CPU
		{E0E18337-5439-4967-87FD-933DB9A46D19}.Release|Any CPU.Build.0 = Release|Any CPU
		{CF4421C5-C086-4F17-B8DC-9AA61BAFEE5F}.Debug|Any CPU.ActiveCfg = Debug|Any CPU
		{CF4421C5-C086-4F17-B8DC-9AA61BAFEE5F}.Debug|Any CPU.Build.0 = Debug|Any CPU
		{CF4421C5-C086-4F17-B8DC-9AA61BAFEE5F}.Release|Any CPU.ActiveCfg = Release|Any CPU
		{CF4421C5-C086-4F17-B8DC-9AA61BAFEE5F}.Release|Any CPU.Build.0 = Release|Any CPU
	EndGlobalSection
	GlobalSection(SolutionProperties) = preSolution
		HideSolutionNode = FALSE
	EndGlobalSection
	GlobalSection(NestedProjects) = preSolution
		{D28C8CC7-E073-4411-B878-59FC6424D9CC} = {FA50DABA-B588-4056-A9F2-C2E3FF76DEC5}
		{FDE58B3B-14B5-4591-9E72-320C5DF6BC02} = {D28C8CC7-E073-4411-B878-59FC6424D9CC}
		{6F117491-3A83-46BD-8DFD-8DDDE89A6293} = {FDE58B3B-14B5-4591-9E72-320C5DF6BC02}
		{DE5958D5-FB48-4E8B-BF0B-59BEBB0F8BF1} = {FA50DABA-B588-4056-A9F2-C2E3FF76DEC5}
		{8B727943-2E3F-4D78-BE20-63E8749AB868} = {DE5958D5-FB48-4E8B-BF0B-59BEBB0F8BF1}
		{EFAC6305-1010-4769-B667-DBE82DD18906} = {8B727943-2E3F-4D78-BE20-63E8749AB868}
		{75D47D9B-C19E-485B-A054-58818867957D} = {FA50DABA-B588-4056-A9F2-C2E3FF76DEC5}
		{1ADEDFBA-4D09-4207-87FB-D41E8B260C42} = {75D47D9B-C19E-485B-A054-58818867957D}
		{A3EC6D98-6AB4-4FA0-93FA-6741E05A9128} = {1ADEDFBA-4D09-4207-87FB-D41E8B260C42}
		{58D9D09E-514A-426D-AFFD-70CFAF4437BB} = {A3EC6D98-6AB4-4FA0-93FA-6741E05A9128}
		{C3E921F5-3CBE-4A97-ADD0-02B2A3A16FF9} = {1ADEDFBA-4D09-4207-87FB-D41E8B260C42}
		{63272737-F3AF-4663-8CC1-8B45417AC9D7} = {C3E921F5-3CBE-4A97-ADD0-02B2A3A16FF9}
		{9DC75B8E-F0E4-4C32-8C1D-6279409C5FC2} = {75D47D9B-C19E-485B-A054-58818867957D}
		{8EB1E24A-7BC4-487F-B41A-E315078EFCD5} = {9DC75B8E-F0E4-4C32-8C1D-6279409C5FC2}
		{033482B2-5843-4E98-A0F6-A20167832050} = {8EB1E24A-7BC4-487F-B41A-E315078EFCD5}
		{0B1F9A1D-3CFF-4BBA-9DE4-2345FBE710C8} = {9DC75B8E-F0E4-4C32-8C1D-6279409C5FC2}
		{895DC54D-3389-4C99-A3CF-59B80CCC54A4} = {0B1F9A1D-3CFF-4BBA-9DE4-2345FBE710C8}
		{253F6FB7-FEE8-4A75-85B6-374EE70F3D32} = {75D47D9B-C19E-485B-A054-58818867957D}
		{4B4EE4D1-4729-4F1B-A70F-419A988070C7} = {253F6FB7-FEE8-4A75-85B6-374EE70F3D32}
		{F8DBB7DF-F6D8-47F5-90F0-16921F50EC49} = {4B4EE4D1-4729-4F1B-A70F-419A988070C7}
		{A5440ECF-E605-4021-9009-7CF08BE52BF3} = {253F6FB7-FEE8-4A75-85B6-374EE70F3D32}
		{FCFA0075-39DE-498C-99C3-D7FDB791B922} = {A5440ECF-E605-4021-9009-7CF08BE52BF3}
		{370D77FF-83F9-4E2D-8FF4-321B910852A3} = {FA50DABA-B588-4056-A9F2-C2E3FF76DEC5}
		{280A7308-A215-4E00-8B44-2EF961C5A53C} = {370D77FF-83F9-4E2D-8FF4-321B910852A3}
		{B3B9E634-8956-4E2E-A236-921561F84AA8} = {280A7308-A215-4E00-8B44-2EF961C5A53C}
		{ABCF6C38-1C17-4F51-9E35-FAC17FC7D110} = {B3B9E634-8956-4E2E-A236-921561F84AA8}
		{D1696736-B5BD-4896-9BEA-04CDDA8D3724} = {280A7308-A215-4E00-8B44-2EF961C5A53C}
		{314FB74B-EF5C-412A-BED7-F63F71BDAAD5} = {D1696736-B5BD-4896-9BEA-04CDDA8D3724}
		{63737C63-7C4C-4F23-93FE-C13D2580CD5A} = {370D77FF-83F9-4E2D-8FF4-321B910852A3}
		{A805D14B-7A60-468A-9AF9-68AA22FC64AB} = {63737C63-7C4C-4F23-93FE-C13D2580CD5A}
		{285F7DE4-7100-4DBA-AAFD-0AA8899A645A} = {A805D14B-7A60-468A-9AF9-68AA22FC64AB}
		{896B1607-122D-4AAA-8BCF-F768472EE8B0} = {63737C63-7C4C-4F23-93FE-C13D2580CD5A}
		{CBB4517D-D868-4DB4-9521-DB3C1A74D522} = {896B1607-122D-4AAA-8BCF-F768472EE8B0}
		{0C1C7D38-26F8-4AA4-A72A-32D85CF3E55C} = {370D77FF-83F9-4E2D-8FF4-321B910852A3}
		{4E9105C2-1170-418B-9F45-003AD23B7D4B} = {0C1C7D38-26F8-4AA4-A72A-32D85CF3E55C}
		{CDAF483E-A0C2-4B65-951D-61D36EB1554B} = {4E9105C2-1170-418B-9F45-003AD23B7D4B}
		{CDEE37F3-E5A3-4BF6-8A6D-5D2BF6C94B3C} = {0C1C7D38-26F8-4AA4-A72A-32D85CF3E55C}
		{C3F2B26D-5EEC-4751-BE1C-AB719623281B} = {CDEE37F3-E5A3-4BF6-8A6D-5D2BF6C94B3C}
		{92733616-6DA1-4E9D-9C24-C313818595B7} = {370D77FF-83F9-4E2D-8FF4-321B910852A3}
		{D229F08B-69FA-440A-B8CB-41C7DCA14A4A} = {92733616-6DA1-4E9D-9C24-C313818595B7}
		{A4D3C4B1-38DE-4C0C-81BB-F752E4C5FACF} = {D229F08B-69FA-440A-B8CB-41C7DCA14A4A}
		{3490968F-370E-4A6D-B046-A7C6B60E0EDF} = {92733616-6DA1-4E9D-9C24-C313818595B7}
		{7BF259E1-A90B-41C4-9D48-7A12AA3E5C58} = {3490968F-370E-4A6D-B046-A7C6B60E0EDF}
		{ABEA5392-78EC-41CF-868D-D76E932D10D3} = {370D77FF-83F9-4E2D-8FF4-321B910852A3}
		{E83BEC92-138E-4B39-B2BC-7BA690336DCD} = {ABEA5392-78EC-41CF-868D-D76E932D10D3}
		{2ECFBE38-4DB4-4800-B8BD-C91CF6AFE7B7} = {E83BEC92-138E-4B39-B2BC-7BA690336DCD}
		{AEFFC71A-E151-405E-AF60-D742C7F0C897} = {ABEA5392-78EC-41CF-868D-D76E932D10D3}
		{9CB4B442-0EE7-4211-AB20-FECB18C95ACC} = {AEFFC71A-E151-405E-AF60-D742C7F0C897}
		{9932DF50-0D93-4121-B3AA-CBCB10D54CC6} = {FA50DABA-B588-4056-A9F2-C2E3FF76DEC5}
		{56F97447-1F23-4E37-A915-3039A4D6D563} = {9932DF50-0D93-4121-B3AA-CBCB10D54CC6}
		{5814023A-FE68-45C4-9FF5-18DC33888EE6} = {56F97447-1F23-4E37-A915-3039A4D6D563}
		{AC071F6F-424D-4F8C-B8AF-D73B911CCAD9} = {5814023A-FE68-45C4-9FF5-18DC33888EE6}
		{69930C2B-C879-4FE7-A1CA-175CF84726D3} = {56F97447-1F23-4E37-A915-3039A4D6D563}
		{C5415B94-7020-442E-A1F8-970F8ACEA4A7} = {69930C2B-C879-4FE7-A1CA-175CF84726D3}
		{6CD23DF4-0D37-4A8D-9B47-9F54A1C70BD4} = {9932DF50-0D93-4121-B3AA-CBCB10D54CC6}
		{C52C3022-7535-4615-B85A-F6F8ABDB8FAF} = {6CD23DF4-0D37-4A8D-9B47-9F54A1C70BD4}
		{3871CBAC-D2B5-4976-B9FF-E8B3C251F046} = {C52C3022-7535-4615-B85A-F6F8ABDB8FAF}
		{4B53CE76-384C-4A7E-9451-DD71AE8F8755} = {9932DF50-0D93-4121-B3AA-CBCB10D54CC6}
		{1B919E0E-6822-473C-A67F-6DF37705DC99} = {4B53CE76-384C-4A7E-9451-DD71AE8F8755}
		{D1445F91-60E4-4602-A4B8-9EE86FCD881D} = {1B919E0E-6822-473C-A67F-6DF37705DC99}
		{7ACA89BD-6431-4207-836A-7D8A495CBA71} = {4B53CE76-384C-4A7E-9451-DD71AE8F8755}
		{AD22642B-0FB4-4F03-AE0B-5B175C6C333A} = {7ACA89BD-6431-4207-836A-7D8A495CBA71}
		{FFB08C1A-35A1-4333-807F-0ABA486B7B4C} = {9932DF50-0D93-4121-B3AA-CBCB10D54CC6}
		{661B4F44-9A02-46C0-A96D-3F2EF26E8856} = {FFB08C1A-35A1-4333-807F-0ABA486B7B4C}
		{486E14C3-8207-464C-B73A-158BCC25AEE6} = {661B4F44-9A02-46C0-A96D-3F2EF26E8856}
		{652756EC-83D2-4F54-9619-5957F618DAB1} = {FFB08C1A-35A1-4333-807F-0ABA486B7B4C}
		{FB6EBD56-D323-49C5-AFCB-553B126C10A9} = {652756EC-83D2-4F54-9619-5957F618DAB1}
		{D0388B00-F48A-4685-A439-D9C97D6AFBB5} = {9932DF50-0D93-4121-B3AA-CBCB10D54CC6}
		{4F5604D6-6844-4336-8131-F467F5F7D2B2} = {D0388B00-F48A-4685-A439-D9C97D6AFBB5}
		{9FE3DEAD-433E-4364-9592-62821E23078A} = {4F5604D6-6844-4336-8131-F467F5F7D2B2}
		{4249CDB6-B237-4319-8426-6EB68C00D2BF} = {D0388B00-F48A-4685-A439-D9C97D6AFBB5}
		{1EFE2297-D1E6-4257-956D-927AE5E9123C} = {4249CDB6-B237-4319-8426-6EB68C00D2BF}
		{81E47251-5AE7-44E2-9869-848985FDD150} = {FA50DABA-B588-4056-A9F2-C2E3FF76DEC5}
		{98B8447E-E5BA-42B9-BD28-01BDAA1E1F8F} = {81E47251-5AE7-44E2-9869-848985FDD150}
		{9B637D9E-B675-437A-93D6-82DAE93F4CE1} = {98B8447E-E5BA-42B9-BD28-01BDAA1E1F8F}
		{463B79C4-91BB-4E83-969B-659BA28F70D3} = {9B637D9E-B675-437A-93D6-82DAE93F4CE1}
		{7897B8F1-F5BB-4DE0-B425-7C7EBCF85BEC} = {98B8447E-E5BA-42B9-BD28-01BDAA1E1F8F}
		{1D67B62D-F7B3-4585-8D3D-BEF7F25D97FD} = {7897B8F1-F5BB-4DE0-B425-7C7EBCF85BEC}
		{7F5E5007-C526-4878-BDC6-2B8EA40D973B} = {81E47251-5AE7-44E2-9869-848985FDD150}
		{89749C12-2AF2-410D-B205-0B0F4C55D7EB} = {7F5E5007-C526-4878-BDC6-2B8EA40D973B}
		{7BB19FD4-C2D1-4D2A-94DD-92A4737DC46F} = {89749C12-2AF2-410D-B205-0B0F4C55D7EB}
		{E70DA748-BB06-4435-85DA-801117ACC23B} = {7F5E5007-C526-4878-BDC6-2B8EA40D973B}
		{37EA784F-0F43-41AC-B732-73EDC57A6B6A} = {E70DA748-BB06-4435-85DA-801117ACC23B}
		{6CC58E2F-C548-4A4C-AF70-B610CB1D93D6} = {81E47251-5AE7-44E2-9869-848985FDD150}
		{CB649142-319E-4968-B8B7-0658A6845F81} = {6CC58E2F-C548-4A4C-AF70-B610CB1D93D6}
		{BD072D7C-F72B-40AD-A7AF-364694936E7F} = {CB649142-319E-4968-B8B7-0658A6845F81}
		{715B4411-45D9-49CC-86F3-4FE4A678FE4C} = {6CC58E2F-C548-4A4C-AF70-B610CB1D93D6}
		{0051F0A0-2D99-4562-BA30-4EED97E639B9} = {715B4411-45D9-49CC-86F3-4FE4A678FE4C}
		{D6B6A198-D57C-4329-A4BD-219C44EDF38E} = {81E47251-5AE7-44E2-9869-848985FDD150}
		{BF158F35-E7D5-45E9-AE6D-15341E6E06E7} = {D6B6A198-D57C-4329-A4BD-219C44EDF38E}
		{D1B1182A-A3D9-4F15-AE2E-22373EBBCA60} = {BF158F35-E7D5-45E9-AE6D-15341E6E06E7}
		{7DA38BBA-F6A1-4FD5-89A8-D37AD111633D} = {D6B6A198-D57C-4329-A4BD-219C44EDF38E}
		{A210FF22-3C1C-49DA-99B4-AC3F3C2FB72C} = {7DA38BBA-F6A1-4FD5-89A8-D37AD111633D}
		{2E553CD6-1D76-4CE1-A866-064EF2952C97} = {81E47251-5AE7-44E2-9869-848985FDD150}
		{21A369D7-F229-473B-8437-94D88506C1EE} = {2E553CD6-1D76-4CE1-A866-064EF2952C97}
		{1EC06CF1-870B-4399-9A13-EAD1DD9B8B97} = {21A369D7-F229-473B-8437-94D88506C1EE}
		{1F5752BD-4565-483D-BA22-7849DCC407D3} = {2E553CD6-1D76-4CE1-A866-064EF2952C97}
		{97873E59-91DE-4E34-A702-BED641298326} = {1F5752BD-4565-483D-BA22-7849DCC407D3}
		{215AA440-A68E-4591-9E92-507D7985BA20} = {FA50DABA-B588-4056-A9F2-C2E3FF76DEC5}
		{F4599496-995C-46B9-9E84-C12946C95662} = {215AA440-A68E-4591-9E92-507D7985BA20}
		{06F2DCAF-A517-4105-A870-30EFCC951D13} = {F4599496-995C-46B9-9E84-C12946C95662}
		{E43E56A0-8901-4D1D-BBA3-E97F4F2809C7} = {06F2DCAF-A517-4105-A870-30EFCC951D13}
		{346439C1-9CDF-4415-8585-6DACFBD09822} = {F4599496-995C-46B9-9E84-C12946C95662}
		{2FCDAFA8-1875-4A5E-9523-C24D9802AD6D} = {346439C1-9CDF-4415-8585-6DACFBD09822}
		{C880AFCC-BC9E-4A81-BC42-99F69BB1615F} = {D28C8CC7-E073-4411-B878-59FC6424D9CC}
		{EF50CB0B-A0C6-4D57-B049-3676D2CA854B} = {C880AFCC-BC9E-4A81-BC42-99F69BB1615F}
		{79F18E7B-4031-4E22-834C-6E0BBABEAB79} = {EF50CB0B-A0C6-4D57-B049-3676D2CA854B}
		{CEBCE262-2A82-4F04-A051-8AB2059C02C3} = {C880AFCC-BC9E-4A81-BC42-99F69BB1615F}
		{396050CA-CAA9-48B5-996B-00451354EC75} = {CEBCE262-2A82-4F04-A051-8AB2059C02C3}
		{8E090718-8CAE-4584-B248-FCC70C900A6A} = {D28C8CC7-E073-4411-B878-59FC6424D9CC}
		{250205EE-E27C-4820-945A-058D75CE25DE} = {8E090718-8CAE-4584-B248-FCC70C900A6A}
		{888BE27B-E88B-4FAE-8BBF-36776809A9DF} = {250205EE-E27C-4820-945A-058D75CE25DE}
		{898F601A-2D71-4EC3-A58C-44DD040BBC51} = {8E090718-8CAE-4584-B248-FCC70C900A6A}
		{22E5EE2B-7F33-4813-AA48-5505F12E1253} = {898F601A-2D71-4EC3-A58C-44DD040BBC51}
		{D88FA05A-1301-4D3C-B56F-E9CC4CB65D14} = {D28C8CC7-E073-4411-B878-59FC6424D9CC}
		{4757772A-A56D-4097-82D2-D725AE6E45B2} = {D88FA05A-1301-4D3C-B56F-E9CC4CB65D14}
		{81F498E9-2987-44F7-B2A4-A80391091519} = {4757772A-A56D-4097-82D2-D725AE6E45B2}
		{E74427DA-10F3-4177-ADFA-44AEE60FBC64} = {D88FA05A-1301-4D3C-B56F-E9CC4CB65D14}
		{C79CE013-A38A-4CBE-8957-6723385E2F74} = {E74427DA-10F3-4177-ADFA-44AEE60FBC64}
		{042F71F1-CC53-4221-971C-729DBF10C82C} = {D28C8CC7-E073-4411-B878-59FC6424D9CC}
		{8D3FE828-739F-4DC2-B563-61D416A9D9AB} = {042F71F1-CC53-4221-971C-729DBF10C82C}
		{0079972B-50F3-4515-85EF-B8189EA9F55F} = {8D3FE828-739F-4DC2-B563-61D416A9D9AB}
		{ABAAF418-406A-43A9-AEC9-CA14E093F53C} = {042F71F1-CC53-4221-971C-729DBF10C82C}
		{3DF509C2-EF0B-4F54-84DF-61CB0616DE0D} = {ABAAF418-406A-43A9-AEC9-CA14E093F53C}
		{1B2A8CB5-772E-4CE1-B9DA-4F0B06CC273B} = {D28C8CC7-E073-4411-B878-59FC6424D9CC}
		{19186116-15F8-41DF-9756-1C8EBD739BAF} = {1B2A8CB5-772E-4CE1-B9DA-4F0B06CC273B}
		{5287D951-2D0D-4EFB-A00E-ED23753FB203} = {19186116-15F8-41DF-9756-1C8EBD739BAF}
		{72993F49-1EB5-4677-8509-2A08F43E580C} = {1B2A8CB5-772E-4CE1-B9DA-4F0B06CC273B}
		{949AAB96-27DB-49CA-B4E6-464354A64F35} = {72993F49-1EB5-4677-8509-2A08F43E580C}
		{EB1256DD-15F3-42D8-95F6-BF82980B71D2} = {DE5958D5-FB48-4E8B-BF0B-59BEBB0F8BF1}
		{38760978-B766-4DDA-8101-A100F0A145D7} = {EB1256DD-15F3-42D8-95F6-BF82980B71D2}
		{45BFC247-0E8A-4ECE-B1B7-3A91FA844C54} = {38760978-B766-4DDA-8101-A100F0A145D7}
		{ED762621-DDE0-4A77-A347-5A4142376486} = {EB1256DD-15F3-42D8-95F6-BF82980B71D2}
		{1EAEB0B0-D5E6-4503-9C21-20D1DC76ADB8} = {ED762621-DDE0-4A77-A347-5A4142376486}
		{B79B705E-C7C1-4BB4-B98E-3FCF8946C632} = {DE5958D5-FB48-4E8B-BF0B-59BEBB0F8BF1}
		{B05D610C-7907-426F-8C76-4A3F90B6F24F} = {B79B705E-C7C1-4BB4-B98E-3FCF8946C632}
		{3AB83486-E8D4-4238-BCCB-552F32F10A57} = {B05D610C-7907-426F-8C76-4A3F90B6F24F}
		{8EB23FCC-06F9-4522-8E0D-94830AC3BE1A} = {B79B705E-C7C1-4BB4-B98E-3FCF8946C632}
		{D9F3A3AC-6158-4CD3-88BC-B08CC343460A} = {8EB23FCC-06F9-4522-8E0D-94830AC3BE1A}
		{DBCA37F6-E360-4C88-8E81-B88A136D61EC} = {DE5958D5-FB48-4E8B-BF0B-59BEBB0F8BF1}
		{7AC83CBE-B3B2-4702-BC12-550A680755DF} = {DBCA37F6-E360-4C88-8E81-B88A136D61EC}
		{E0E18337-5439-4967-87FD-933DB9A46D19} = {7AC83CBE-B3B2-4702-BC12-550A680755DF}
		{A62226E4-6B3F-4808-A16F-1C221D72A6A3} = {DBCA37F6-E360-4C88-8E81-B88A136D61EC}
		{CF4421C5-C086-4F17-B8DC-9AA61BAFEE5F} = {A62226E4-6B3F-4808-A16F-1C221D72A6A3}
	EndGlobalSection
	GlobalSection(ExtensibilityGlobals) = postSolution
		SolutionGuid = {AC71F098-C9CA-4C22-B008-1D7BFCDFFD94}
	EndGlobalSection
EndGlobal
